
Microsoft Visual Studio Solution File, Format Version 12.00
# Visual Studio 15
VisualStudioVersion = 15.0.28307.539
MinimumVisualStudioVersion = 10.0.40219.1
Project("{E24C65DC-7377-472B-9ABA-BC803B73C61A}") = "YMAPS", ".", "{73B4CCB0-FD45-49BC-B4DB-69561258EEB4}"
	ProjectSection(WebsiteProperties) = preProject
		TargetFrameworkMoniker = ".NETFramework,Version%3Dv4.0"
		Debug.AspNetCompiler.VirtualPath = "/YMaps"
		Debug.AspNetCompiler.PhysicalPath = "..\YMaps\"
		Debug.AspNetCompiler.TargetPath = "PrecompiledWeb\YMaps\"
		Debug.AspNetCompiler.Updateable = "true"
		Debug.AspNetCompiler.ForceOverwrite = "true"
		Debug.AspNetCompiler.FixedNames = "false"
		Debug.AspNetCompiler.Debug = "True"
		Release.AspNetCompiler.VirtualPath = "/YMaps"
		Release.AspNetCompiler.PhysicalPath = "..\YMaps\"
		Release.AspNetCompiler.TargetPath = "PrecompiledWeb\YMaps\"
		Release.AspNetCompiler.Updateable = "true"
		Release.AspNetCompiler.ForceOverwrite = "true"
		Release.AspNetCompiler.FixedNames = "false"
		Release.AspNetCompiler.Debug = "False"
		VWDPort = "63329"
	EndProjectSection
EndProject
Global
	GlobalSection(SolutionConfigurationPlatforms) = preSolution
		Debug|Any CPU = Debug|Any CPU
	EndGlobalSection
	GlobalSection(ProjectConfigurationPlatforms) = postSolution
		{73B4CCB0-FD45-49BC-B4DB-69561258EEB4}.Debug|Any CPU.ActiveCfg = Debug|Any CPU
		{73B4CCB0-FD45-49BC-B4DB-69561258EEB4}.Debug|Any CPU.Build.0 = Debug|Any CPU
	EndGlobalSection
	GlobalSection(SolutionProperties) = preSolution
		HideSolutionNode = FALSE
	EndGlobalSection
	GlobalSection(ExtensibilityGlobals) = postSolution
		SolutionGuid = {194DAE1B-72B2-4003-B137-0EA268925263}
	EndGlobalSection
EndGlobal
